
Microsoft Visual Studio Solution File, Format Version 12.00
# Visual Studio Version 16
VisualStudioVersion = 16.0.31129.286
MinimumVisualStudioVersion = 10.0.40219.1
Project("{FAE04EC0-301F-11D3-BF4B-00C04F79EFBC}") = "LearningArrays", "LearningArrays\LearningArrays.csproj", "{5928430C-630B-4427-A1A5-3F2FE7314788}"
EndProject
Global
	GlobalSection(SolutionConfigurationPlatforms) = preSolution
		Debug|Any CPU = Debug|Any CPU
		Release|Any CPU = Release|Any CPU
	EndGlobalSection
	GlobalSection(ProjectConfigurationPlatforms) = postSolution
		{5928430C-630B-4427-A1A5-3F2FE7314788}.Debug|Any CPU.ActiveCfg = Debug|Any CPU
		{5928430C-630B-4427-A1A5-3F2FE7314788}.Debug|Any CPU.Build.0 = Debug|Any CPU
		{5928430C-630B-4427-A1A5-3F2FE7314788}.Release|Any CPU.ActiveCfg = Release|Any CPU
		{5928430C-630B-4427-A1A5-3F2FE7314788}.Release|Any CPU.Build.0 = Release|Any CPU
	EndGlobalSection
	GlobalSection(SolutionProperties) = preSolution
		HideSolutionNode = FALSE
	EndGlobalSection
	GlobalSection(ExtensibilityGlobals) = postSolution
		SolutionGuid = {9E124CD3-BE92-4D92-98A9-14FADFE3BC55}
	EndGlobalSection
EndGlobal
